
Microsoft Visual Studio Solution File, Format Version 12.00
# Visual Studio Version 17
VisualStudioVersion = 17.4.33213.308
MinimumVisualStudioVersion = 10.0.40219.1
Project("{FAE04EC0-301F-11D3-BF4B-00C04F79EFBC}") = "WeatherTelegramBotConsoleApp", "WeatherTelegramBotConsoleApp\WeatherTelegramBotConsoleApp.csproj", "{9BD4A763-162C-402A-B653-7ABAC3A7CDC7}"
EndProject
Global
	GlobalSection(SolutionConfigurationPlatforms) = preSolution
		Debug|Any CPU = Debug|Any CPU
		Release|Any CPU = Release|Any CPU
	EndGlobalSection
	GlobalSection(ProjectConfigurationPlatforms) = postSolution
		{9BD4A763-162C-402A-B653-7ABAC3A7CDC7}.Debug|Any CPU.ActiveCfg = Debug|Any CPU
		{9BD4A763-162C-402A-B653-7ABAC3A7CDC7}.Debug|Any CPU.Build.0 = Debug|Any CPU
		{9BD4A763-162C-402A-B653-7ABAC3A7CDC7}.Release|Any CPU.ActiveCfg = Release|Any CPU
		{9BD4A763-162C-402A-B653-7ABAC3A7CDC7}.Release|Any CPU.Build.0 = Release|Any CPU
	EndGlobalSection
	GlobalSection(SolutionProperties) = preSolution
		HideSolutionNode = FALSE
	EndGlobalSection
	GlobalSection(ExtensibilityGlobals) = postSolution
		SolutionGuid = {1397AFA9-FCFA-4A34-A2A1-1202FE8ACFA1}
	EndGlobalSection
EndGlobal
